
Microsoft Visual Studio Solution File, Format Version 11.00
# Visual Studio 2010
# SharpDevelop 4.2.1.8805
Project("{FD48973F-F585-4F70-812B-4D0503B36CE9}") = "Pg247", "Pg247.pyproj", "{46A770C3-88CB-40F7-84A6-85E0509B1199}"
EndProject
Global
	GlobalSection(SolutionConfigurationPlatforms) = preSolution
		Debug|x86 = Debug|x86
		Release|x86 = Release|x86
	EndGlobalSection
	GlobalSection(ProjectConfigurationPlatforms) = postSolution
		{46A770C3-88CB-40F7-84A6-85E0509B1199}.Debug|x86.Build.0 = Debug|x86
		{46A770C3-88CB-40F7-84A6-85E0509B1199}.Debug|x86.ActiveCfg = Debug|x86
		{46A770C3-88CB-40F7-84A6-85E0509B1199}.Release|x86.Build.0 = Release|x86
		{46A770C3-88CB-40F7-84A6-85E0509B1199}.Release|x86.ActiveCfg = Release|x86
	EndGlobalSection
EndGlobal
