
Microsoft Visual Studio Solution File, Format Version 11.00
# Visual Studio 2010
# SharpDevelop 4.2.1.8805
Project("{FD48973F-F585-4F70-812B-4D0503B36CE9}") = "Pg119", "Pg119.pyproj", "{B1E37F63-DAB6-420B-A9CD-9796A62BE9F2}"
EndProject
Global
	GlobalSection(SolutionConfigurationPlatforms) = preSolution
		Debug|x86 = Debug|x86
		Release|x86 = Release|x86
	EndGlobalSection
	GlobalSection(ProjectConfigurationPlatforms) = postSolution
		{B1E37F63-DAB6-420B-A9CD-9796A62BE9F2}.Debug|x86.Build.0 = Debug|x86
		{B1E37F63-DAB6-420B-A9CD-9796A62BE9F2}.Debug|x86.ActiveCfg = Debug|x86
		{B1E37F63-DAB6-420B-A9CD-9796A62BE9F2}.Release|x86.Build.0 = Release|x86
		{B1E37F63-DAB6-420B-A9CD-9796A62BE9F2}.Release|x86.ActiveCfg = Release|x86
	EndGlobalSection
EndGlobal
