
Microsoft Visual Studio Solution File, Format Version 11.00
# Visual Studio 2010
# SharpDevelop 4.2.1.8805
Project("{FD48973F-F585-4F70-812B-4D0503B36CE9}") = "Prog93a", "Prog93a.pyproj", "{465DF777-1464-490C-AD4A-3711DC112D8D}"
EndProject
Global
	GlobalSection(SolutionConfigurationPlatforms) = preSolution
		Debug|x86 = Debug|x86
		Release|x86 = Release|x86
	EndGlobalSection
	GlobalSection(ProjectConfigurationPlatforms) = postSolution
		{465DF777-1464-490C-AD4A-3711DC112D8D}.Debug|x86.Build.0 = Debug|x86
		{465DF777-1464-490C-AD4A-3711DC112D8D}.Debug|x86.ActiveCfg = Debug|x86
		{465DF777-1464-490C-AD4A-3711DC112D8D}.Release|x86.Build.0 = Release|x86
		{465DF777-1464-490C-AD4A-3711DC112D8D}.Release|x86.ActiveCfg = Release|x86
	EndGlobalSection
EndGlobal
