
Microsoft Visual Studio Solution File, Format Version 11.00
# Visual Studio 2010
# SharpDevelop 4.2.1.8805
Project("{FD48973F-F585-4F70-812B-4D0503B36CE9}") = "Prog162b", "Prog162b.pyproj", "{964E2DC4-3AB8-4DB3-ABE4-8231469CE33F}"
EndProject
Global
	GlobalSection(SolutionConfigurationPlatforms) = preSolution
		Debug|x86 = Debug|x86
		Release|x86 = Release|x86
	EndGlobalSection
	GlobalSection(ProjectConfigurationPlatforms) = postSolution
		{964E2DC4-3AB8-4DB3-ABE4-8231469CE33F}.Debug|x86.Build.0 = Debug|x86
		{964E2DC4-3AB8-4DB3-ABE4-8231469CE33F}.Debug|x86.ActiveCfg = Debug|x86
		{964E2DC4-3AB8-4DB3-ABE4-8231469CE33F}.Release|x86.Build.0 = Release|x86
		{964E2DC4-3AB8-4DB3-ABE4-8231469CE33F}.Release|x86.ActiveCfg = Release|x86
	EndGlobalSection
EndGlobal
